
Microsoft Visual Studio Solution File, Format Version 12.00
# Visual Studio 15
VisualStudioVersion = 15.0.26730.12
MinimumVisualStudioVersion = 10.0.40219.1
Project("{FAE04EC0-301F-11D3-BF4B-00C04F79EFBC}") = "IT-Draws", "IT-Draws\IT-Draws.csproj", "{2A9FC35D-648C-4895-847A-6ABF7627BEAE}"
EndProject
Global
	GlobalSection(SolutionConfigurationPlatforms) = preSolution
		Debug|Any CPU = Debug|Any CPU
		Release|Any CPU = Release|Any CPU
	EndGlobalSection
	GlobalSection(ProjectConfigurationPlatforms) = postSolution
		{2A9FC35D-648C-4895-847A-6ABF7627BEAE}.Debug|Any CPU.ActiveCfg = Debug|Any CPU
		{2A9FC35D-648C-4895-847A-6ABF7627BEAE}.Debug|Any CPU.Build.0 = Debug|Any CPU
		{2A9FC35D-648C-4895-847A-6ABF7627BEAE}.Release|Any CPU.ActiveCfg = Release|Any CPU
		{2A9FC35D-648C-4895-847A-6ABF7627BEAE}.Release|Any CPU.Build.0 = Release|Any CPU
	EndGlobalSection
	GlobalSection(SolutionProperties) = preSolution
		HideSolutionNode = FALSE
	EndGlobalSection
	GlobalSection(ExtensibilityGlobals) = postSolution
		SolutionGuid = {1D62D1F2-0DFB-4778-98E2-7E1F4E428BAF}
	EndGlobalSection
EndGlobal
